
Microsoft Visual Studio Solution File, Format Version 12.00
# Visual Studio Version 16
VisualStudioVersion = 16.0.30907.101
MinimumVisualStudioVersion = 10.0.40219.1
Project("{FAE04EC0-301F-11D3-BF4B-00C04F79EFBC}") = "DiscordRichPresencePresets.Wpf", "DiscordRichPresencePresets.Wpf\DiscordRichPresencePresets.Wpf.csproj", "{617A2DFC-BC9C-4119-8E6F-BB41BCB025F5}"
EndProject
Project("{FAE04EC0-301F-11D3-BF4B-00C04F79EFBC}") = "DiscordRichPresencePresets.Shared", "DiscordRichPresencePresets.Shared\DiscordRichPresencePresets.Shared.csproj", "{D0E58095-17E8-43DF-B1A1-B44935346958}"
EndProject
Global
	GlobalSection(SolutionConfigurationPlatforms) = preSolution
		Debug|Any CPU = Debug|Any CPU
		Release|Any CPU = Release|Any CPU
	EndGlobalSection
	GlobalSection(ProjectConfigurationPlatforms) = postSolution
		{617A2DFC-BC9C-4119-8E6F-BB41BCB025F5}.Debug|Any CPU.ActiveCfg = Debug|Any CPU
		{617A2DFC-BC9C-4119-8E6F-BB41BCB025F5}.Debug|Any CPU.Build.0 = Debug|Any CPU
		{617A2DFC-BC9C-4119-8E6F-BB41BCB025F5}.Release|Any CPU.ActiveCfg = Release|Any CPU
		{617A2DFC-BC9C-4119-8E6F-BB41BCB025F5}.Release|Any CPU.Build.0 = Release|Any CPU
		{D0E58095-17E8-43DF-B1A1-B44935346958}.Debug|Any CPU.ActiveCfg = Debug|Any CPU
		{D0E58095-17E8-43DF-B1A1-B44935346958}.Debug|Any CPU.Build.0 = Debug|Any CPU
		{D0E58095-17E8-43DF-B1A1-B44935346958}.Release|Any CPU.ActiveCfg = Release|Any CPU
		{D0E58095-17E8-43DF-B1A1-B44935346958}.Release|Any CPU.Build.0 = Release|Any CPU
	EndGlobalSection
	GlobalSection(SolutionProperties) = preSolution
		HideSolutionNode = FALSE
	EndGlobalSection
	GlobalSection(ExtensibilityGlobals) = postSolution
		SolutionGuid = {4C235892-6D90-4DDD-8CE3-E2BD4D0E90FF}
	EndGlobalSection
EndGlobal
